
Microsoft Visual Studio Solution File, Format Version 12.00
# Visual Studio Version 17
VisualStudioVersion = 17.9.34622.214
MinimumVisualStudioVersion = 10.0.40219.1
Project("{2150E333-8FDC-42A3-9474-1A3956D46DE8}") = "src", "src", "{AA831EF0-8E13-4B6D-964A-7B96041E6471}"
EndProject
Project("{2150E333-8FDC-42A3-9474-1A3956D46DE8}") = "API", "API", "{AE37679D-D2B1-4A64-BD15-CB7611AE1BF1}"
EndProject
Project("{2150E333-8FDC-42A3-9474-1A3956D46DE8}") = "Core", "Core", "{E1A8C43A-069F-49E5-9FDA-AFC08DA071F1}"
EndProject
Project("{2150E333-8FDC-42A3-9474-1A3956D46DE8}") = "Infrastructure", "Infrastructure", "{AA51F516-B98D-4728-A759-B93A55649598}"
EndProject
Project("{2150E333-8FDC-42A3-9474-1A3956D46DE8}") = "UI", "UI", "{2440F031-77D9-4CBF-9F03-54FE1B70AD0B}"
EndProject
Project("{2150E333-8FDC-42A3-9474-1A3956D46DE8}") = "Domain", "Domain", "{C48C95AA-3536-4025-A5F8-2E5A29B96E34}"
EndProject
Project("{2150E333-8FDC-42A3-9474-1A3956D46DE8}") = "Application", "Application", "{91AA0EB2-7492-4447-9E74-F1BED0AC48D7}"
EndProject
Project("{9A19103F-16F7-4668-BE54-9A1E7A4F7556}") = "Lunatic.Domain", "Lunatic.Domain\Lunatic.Domain.csproj", "{C7D749C7-B308-4F62-BE89-D6BD99C0AC43}"
EndProject
Project("{9A19103F-16F7-4668-BE54-9A1E7A4F7556}") = "Lunatic.Application", "Lunatic.Application\Lunatic.Application.csproj", "{B825A31A-F2D9-426B-8FCD-0D64402BD97B}"
EndProject
Project("{9A19103F-16F7-4668-BE54-9A1E7A4F7556}") = "Lunatic.API", "Lunatic.API\Lunatic.API.csproj", "{30738F32-3339-4BED-BACF-E25093BFB3B8}"
EndProject
Project("{9A19103F-16F7-4668-BE54-9A1E7A4F7556}") = "Lunatic.Infrastructure", "Lunatic.Infrastructure\Lunatic.Infrastructure.csproj", "{505B5A27-6095-4F99-AA3E-79270EAC1830}"
EndProject
Project("{9A19103F-16F7-4668-BE54-9A1E7A4F7556}") = "Lunatic.Identity", "Lunatic.Identity\Lunatic.Identity.csproj", "{421C2D98-AE0B-455B-AE64-6E0E9FBD6413}"
EndProject
Project("{9A19103F-16F7-4668-BE54-9A1E7A4F7556}") = "Lunatic.UI", "Lunatic.UI\Lunatic.UI.csproj", "{F334B6FA-FBF5-436B-A7AF-7862DD31D262}"
EndProject
Project("{2150E333-8FDC-42A3-9474-1A3956D46DE8}") = "tests", "tests", "{23518F70-FFCC-4D72-A209-5980503FC425}"
EndProject
Project("{FAE04EC0-301F-11D3-BF4B-00C04F79EFBC}") = "Lunatic.Tests", "Lunatic.Tests\Lunatic.Tests.csproj", "{C3E68502-A9EB-4A15-B0B1-4148CACD786C}"
EndProject
Global
	GlobalSection(SolutionConfigurationPlatforms) = preSolution
		Debug|Any CPU = Debug|Any CPU
		Release|Any CPU = Release|Any CPU
	EndGlobalSection
	GlobalSection(ProjectConfigurationPlatforms) = postSolution
		{C7D749C7-B308-4F62-BE89-D6BD99C0AC43}.Debug|Any CPU.ActiveCfg = Debug|Any CPU
		{C7D749C7-B308-4F62-BE89-D6BD99C0AC43}.Debug|Any CPU.Build.0 = Debug|Any CPU
		{C7D749C7-B308-4F62-BE89-D6BD99C0AC43}.Release|Any CPU.ActiveCfg = Release|Any CPU
		{C7D749C7-B308-4F62-BE89-D6BD99C0AC43}.Release|Any CPU.Build.0 = Release|Any CPU
		{B825A31A-F2D9-426B-8FCD-0D64402BD97B}.Debug|Any CPU.ActiveCfg = Debug|Any CPU
		{B825A31A-F2D9-426B-8FCD-0D64402BD97B}.Debug|Any CPU.Build.0 = Debug|Any CPU
		{B825A31A-F2D9-426B-8FCD-0D64402BD97B}.Release|Any CPU.ActiveCfg = Release|Any CPU
		{B825A31A-F2D9-426B-8FCD-0D64402BD97B}.Release|Any CPU.Build.0 = Release|Any CPU
		{30738F32-3339-4BED-BACF-E25093BFB3B8}.Debug|Any CPU.ActiveCfg = Debug|Any CPU
		{30738F32-3339-4BED-BACF-E25093BFB3B8}.Debug|Any CPU.Build.0 = Debug|Any CPU
		{30738F32-3339-4BED-BACF-E25093BFB3B8}.Release|Any CPU.ActiveCfg = Release|Any CPU
		{30738F32-3339-4BED-BACF-E25093BFB3B8}.Release|Any CPU.Build.0 = Release|Any CPU
		{505B5A27-6095-4F99-AA3E-79270EAC1830}.Debug|Any CPU.ActiveCfg = Debug|Any CPU
		{505B5A27-6095-4F99-AA3E-79270EAC1830}.Debug|Any CPU.Build.0 = Debug|Any CPU
		{505B5A27-6095-4F99-AA3E-79270EAC1830}.Release|Any CPU.ActiveCfg = Release|Any CPU
		{505B5A27-6095-4F99-AA3E-79270EAC1830}.Release|Any CPU.Build.0 = Release|Any CPU
		{421C2D98-AE0B-455B-AE64-6E0E9FBD6413}.Debug|Any CPU.ActiveCfg = Debug|Any CPU
		{421C2D98-AE0B-455B-AE64-6E0E9FBD6413}.Debug|Any CPU.Build.0 = Debug|Any CPU
		{421C2D98-AE0B-455B-AE64-6E0E9FBD6413}.Release|Any CPU.ActiveCfg = Release|Any CPU
		{421C2D98-AE0B-455B-AE64-6E0E9FBD6413}.Release|Any CPU.Build.0 = Release|Any CPU
		{F334B6FA-FBF5-436B-A7AF-7862DD31D262}.Debug|Any CPU.ActiveCfg = Debug|Any CPU
		{F334B6FA-FBF5-436B-A7AF-7862DD31D262}.Debug|Any CPU.Build.0 = Debug|Any CPU
		{F334B6FA-FBF5-436B-A7AF-7862DD31D262}.Release|Any CPU.ActiveCfg = Release|Any CPU
		{F334B6FA-FBF5-436B-A7AF-7862DD31D262}.Release|Any CPU.Build.0 = Release|Any CPU
		{C3E68502-A9EB-4A15-B0B1-4148CACD786C}.Debug|Any CPU.ActiveCfg = Debug|Any CPU
		{C3E68502-A9EB-4A15-B0B1-4148CACD786C}.Debug|Any CPU.Build.0 = Debug|Any CPU
		{C3E68502-A9EB-4A15-B0B1-4148CACD786C}.Release|Any CPU.ActiveCfg = Release|Any CPU
		{C3E68502-A9EB-4A15-B0B1-4148CACD786C}.Release|Any CPU.Build.0 = Release|Any CPU
	EndGlobalSection
	GlobalSection(SolutionProperties) = preSolution
		HideSolutionNode = FALSE
	EndGlobalSection
	GlobalSection(NestedProjects) = preSolution
		{AE37679D-D2B1-4A64-BD15-CB7611AE1BF1} = {AA831EF0-8E13-4B6D-964A-7B96041E6471}
		{E1A8C43A-069F-49E5-9FDA-AFC08DA071F1} = {AA831EF0-8E13-4B6D-964A-7B96041E6471}
		{AA51F516-B98D-4728-A759-B93A55649598} = {AA831EF0-8E13-4B6D-964A-7B96041E6471}
		{2440F031-77D9-4CBF-9F03-54FE1B70AD0B} = {AA831EF0-8E13-4B6D-964A-7B96041E6471}
		{C48C95AA-3536-4025-A5F8-2E5A29B96E34} = {E1A8C43A-069F-49E5-9FDA-AFC08DA071F1}
		{91AA0EB2-7492-4447-9E74-F1BED0AC48D7} = {E1A8C43A-069F-49E5-9FDA-AFC08DA071F1}
		{C7D749C7-B308-4F62-BE89-D6BD99C0AC43} = {C48C95AA-3536-4025-A5F8-2E5A29B96E34}
		{B825A31A-F2D9-426B-8FCD-0D64402BD97B} = {91AA0EB2-7492-4447-9E74-F1BED0AC48D7}
		{30738F32-3339-4BED-BACF-E25093BFB3B8} = {AE37679D-D2B1-4A64-BD15-CB7611AE1BF1}
		{505B5A27-6095-4F99-AA3E-79270EAC1830} = {AA51F516-B98D-4728-A759-B93A55649598}
		{421C2D98-AE0B-455B-AE64-6E0E9FBD6413} = {AA51F516-B98D-4728-A759-B93A55649598}
		{F334B6FA-FBF5-436B-A7AF-7862DD31D262} = {2440F031-77D9-4CBF-9F03-54FE1B70AD0B}
		{C3E68502-A9EB-4A15-B0B1-4148CACD786C} = {23518F70-FFCC-4D72-A209-5980503FC425}
	EndGlobalSection
	GlobalSection(ExtensibilityGlobals) = postSolution
		SolutionGuid = {6DB7DF92-1326-4F61-AA7A-F79D35FD20BE}
	EndGlobalSection
EndGlobal
